
Microsoft Visual Studio Solution File, Format Version 12.00
# Visual Studio 2013
VisualStudioVersion = 12.0.31101.0
MinimumVisualStudioVersion = 10.0.40219.1
Project("{FAE04EC0-301F-11D3-BF4B-00C04F79EFBC}") = "Calculator.Core", "Calculator.Core\Calculator.Core.csproj", "{2C2C03F6-C425-499B-8813-673ECC5BDAC2}"
EndProject
Project("{FAE04EC0-301F-11D3-BF4B-00C04F79EFBC}") = "Calculator.Core.Tests", "Calculator.Core.Tests\Calculator.Core.Tests.csproj", "{95423421-570F-4E1F-89DC-F286B771C839}"
EndProject
Project("{FAE04EC0-301F-11D3-BF4B-00C04F79EFBC}") = "Calculator.Console", "Calculator.Console\Calculator.Console.csproj", "{F82B8E52-46F1-43F5-9516-470D165118B2}"
EndProject
Project("{FAE04EC0-301F-11D3-BF4B-00C04F79EFBC}") = "Calculator.Core.DependencyInjection", "Calculator.Core.DependencyInjection\Calculator.Core.DependencyInjection.csproj", "{A446143B-51F5-4015-9D32-FAECB53DD3A2}"
EndProject
Global
	GlobalSection(SolutionConfigurationPlatforms) = preSolution
		Debug|Any CPU = Debug|Any CPU
		Release|Any CPU = Release|Any CPU
	EndGlobalSection
	GlobalSection(ProjectConfigurationPlatforms) = postSolution
		{2C2C03F6-C425-499B-8813-673ECC5BDAC2}.Debug|Any CPU.ActiveCfg = Debug|Any CPU
		{2C2C03F6-C425-499B-8813-673ECC5BDAC2}.Debug|Any CPU.Build.0 = Debug|Any CPU
		{2C2C03F6-C425-499B-8813-673ECC5BDAC2}.Release|Any CPU.ActiveCfg = Release|Any CPU
		{2C2C03F6-C425-499B-8813-673ECC5BDAC2}.Release|Any CPU.Build.0 = Release|Any CPU
		{95423421-570F-4E1F-89DC-F286B771C839}.Debug|Any CPU.ActiveCfg = Debug|Any CPU
		{95423421-570F-4E1F-89DC-F286B771C839}.Debug|Any CPU.Build.0 = Debug|Any CPU
		{95423421-570F-4E1F-89DC-F286B771C839}.Release|Any CPU.ActiveCfg = Release|Any CPU
		{95423421-570F-4E1F-89DC-F286B771C839}.Release|Any CPU.Build.0 = Release|Any CPU
		{F82B8E52-46F1-43F5-9516-470D165118B2}.Debug|Any CPU.ActiveCfg = Debug|Any CPU
		{F82B8E52-46F1-43F5-9516-470D165118B2}.Debug|Any CPU.Build.0 = Debug|Any CPU
		{F82B8E52-46F1-43F5-9516-470D165118B2}.Release|Any CPU.ActiveCfg = Release|Any CPU
		{F82B8E52-46F1-43F5-9516-470D165118B2}.Release|Any CPU.Build.0 = Release|Any CPU
		{A446143B-51F5-4015-9D32-FAECB53DD3A2}.Debug|Any CPU.ActiveCfg = Debug|Any CPU
		{A446143B-51F5-4015-9D32-FAECB53DD3A2}.Debug|Any CPU.Build.0 = Debug|Any CPU
		{A446143B-51F5-4015-9D32-FAECB53DD3A2}.Release|Any CPU.ActiveCfg = Release|Any CPU
		{A446143B-51F5-4015-9D32-FAECB53DD3A2}.Release|Any CPU.Build.0 = Release|Any CPU
	EndGlobalSection
	GlobalSection(SolutionProperties) = preSolution
		HideSolutionNode = FALSE
	EndGlobalSection
EndGlobal
