
Microsoft Visual Studio Solution File, Format Version 12.00
# Visual Studio 2013
VisualStudioVersion = 12.0.31101.0
MinimumVisualStudioVersion = 10.0.40219.1
Project("{2150E333-8FDC-42A3-9474-1A3956D46DE8}") = "lib", "lib", "{FA3E7195-0F41-4CD1-BF39-9A5A21F4A155}"
EndProject
Project("{2150E333-8FDC-42A3-9474-1A3956D46DE8}") = "samples", "samples", "{4EBD3981-43B0-49B0-B22A-232B83C375AE}"
EndProject
Project("{2150E333-8FDC-42A3-9474-1A3956D46DE8}") = "tests", "tests", "{A197C227-A78B-4920-9397-1D5AEF40865D}"
EndProject
Project("{FAE04EC0-301F-11D3-BF4B-00C04F79EFBC}") = "Calculator.Core", "src\Calculator.Core\Calculator.Core.csproj", "{E713832D-2A26-460C-AC38-B0B003532A57}"
EndProject
Project("{FAE04EC0-301F-11D3-BF4B-00C04F79EFBC}") = "Calculator.Core.DependencyInjection", "src\Calculator.Core.DependencyInjection\Calculator.Core.DependencyInjection.csproj", "{7D50CC1A-F2E8-4C98-BB5F-02BDAB7DB779}"
EndProject
Project("{FAE04EC0-301F-11D3-BF4B-00C04F79EFBC}") = "Calculator.Extra", "src\Calculator.Extra\Calculator.Extra.csproj", "{733E5764-47B9-4301-B71F-9BDF2426A752}"
EndProject
Project("{FAE04EC0-301F-11D3-BF4B-00C04F79EFBC}") = "Calculator.Collections", "lib\Calculator.Collections\Calculator.Collections.csproj", "{1E208F18-1B39-494A-9A71-FA0974722764}"
EndProject
Project("{FAE04EC0-301F-11D3-BF4B-00C04F79EFBC}") = "Calculator.Collections.Tests", "lib\Calculator.Collections.Tests\Calculator.Collections.Tests.csproj", "{DE089AD5-8385-439E-9D15-2EC4762336EA}"
EndProject
Project("{FAE04EC0-301F-11D3-BF4B-00C04F79EFBC}") = "Calculator.Samples.SimlpeUsage", "samples\Calculator.Samples.SimlpeUsage\Calculator.Samples.SimlpeUsage.csproj", "{09A64D23-BCCD-481F-B53D-25A30469C14D}"
EndProject
Project("{FAE04EC0-301F-11D3-BF4B-00C04F79EFBC}") = "Calculator.Core.Tests", "tests\Calculator.Core.Tests\Calculator.Core.Tests.csproj", "{8E9D8A84-A02D-495A-8616-3529D74FBC55}"
EndProject
Project("{FAE04EC0-301F-11D3-BF4B-00C04F79EFBC}") = "Calculator.Extra.Tests", "tests\Calculator.Extra.Tests\Calculator.Extra.Tests.csproj", "{C6FB1D32-30CF-43CF-9BD7-8B72366EEC76}"
EndProject
Global
	GlobalSection(SolutionConfigurationPlatforms) = preSolution
		Debug|Any CPU = Debug|Any CPU
		Release|Any CPU = Release|Any CPU
	EndGlobalSection
	GlobalSection(ProjectConfigurationPlatforms) = postSolution
		{E713832D-2A26-460C-AC38-B0B003532A57}.Debug|Any CPU.ActiveCfg = Debug|Any CPU
		{E713832D-2A26-460C-AC38-B0B003532A57}.Debug|Any CPU.Build.0 = Debug|Any CPU
		{E713832D-2A26-460C-AC38-B0B003532A57}.Release|Any CPU.ActiveCfg = Release|Any CPU
		{E713832D-2A26-460C-AC38-B0B003532A57}.Release|Any CPU.Build.0 = Release|Any CPU
		{7D50CC1A-F2E8-4C98-BB5F-02BDAB7DB779}.Debug|Any CPU.ActiveCfg = Debug|Any CPU
		{7D50CC1A-F2E8-4C98-BB5F-02BDAB7DB779}.Debug|Any CPU.Build.0 = Debug|Any CPU
		{7D50CC1A-F2E8-4C98-BB5F-02BDAB7DB779}.Release|Any CPU.ActiveCfg = Release|Any CPU
		{7D50CC1A-F2E8-4C98-BB5F-02BDAB7DB779}.Release|Any CPU.Build.0 = Release|Any CPU
		{733E5764-47B9-4301-B71F-9BDF2426A752}.Debug|Any CPU.ActiveCfg = Debug|Any CPU
		{733E5764-47B9-4301-B71F-9BDF2426A752}.Debug|Any CPU.Build.0 = Debug|Any CPU
		{733E5764-47B9-4301-B71F-9BDF2426A752}.Release|Any CPU.ActiveCfg = Release|Any CPU
		{733E5764-47B9-4301-B71F-9BDF2426A752}.Release|Any CPU.Build.0 = Release|Any CPU
		{1E208F18-1B39-494A-9A71-FA0974722764}.Debug|Any CPU.ActiveCfg = Debug|Any CPU
		{1E208F18-1B39-494A-9A71-FA0974722764}.Debug|Any CPU.Build.0 = Debug|Any CPU
		{1E208F18-1B39-494A-9A71-FA0974722764}.Release|Any CPU.ActiveCfg = Release|Any CPU
		{1E208F18-1B39-494A-9A71-FA0974722764}.Release|Any CPU.Build.0 = Release|Any CPU
		{DE089AD5-8385-439E-9D15-2EC4762336EA}.Debug|Any CPU.ActiveCfg = Debug|Any CPU
		{DE089AD5-8385-439E-9D15-2EC4762336EA}.Debug|Any CPU.Build.0 = Debug|Any CPU
		{DE089AD5-8385-439E-9D15-2EC4762336EA}.Release|Any CPU.ActiveCfg = Release|Any CPU
		{DE089AD5-8385-439E-9D15-2EC4762336EA}.Release|Any CPU.Build.0 = Release|Any CPU
		{09A64D23-BCCD-481F-B53D-25A30469C14D}.Debug|Any CPU.ActiveCfg = Debug|Any CPU
		{09A64D23-BCCD-481F-B53D-25A30469C14D}.Debug|Any CPU.Build.0 = Debug|Any CPU
		{09A64D23-BCCD-481F-B53D-25A30469C14D}.Release|Any CPU.ActiveCfg = Release|Any CPU
		{09A64D23-BCCD-481F-B53D-25A30469C14D}.Release|Any CPU.Build.0 = Release|Any CPU
		{8E9D8A84-A02D-495A-8616-3529D74FBC55}.Debug|Any CPU.ActiveCfg = Debug|Any CPU
		{8E9D8A84-A02D-495A-8616-3529D74FBC55}.Debug|Any CPU.Build.0 = Debug|Any CPU
		{8E9D8A84-A02D-495A-8616-3529D74FBC55}.Release|Any CPU.ActiveCfg = Release|Any CPU
		{8E9D8A84-A02D-495A-8616-3529D74FBC55}.Release|Any CPU.Build.0 = Release|Any CPU
		{C6FB1D32-30CF-43CF-9BD7-8B72366EEC76}.Debug|Any CPU.ActiveCfg = Debug|Any CPU
		{C6FB1D32-30CF-43CF-9BD7-8B72366EEC76}.Debug|Any CPU.Build.0 = Debug|Any CPU
		{C6FB1D32-30CF-43CF-9BD7-8B72366EEC76}.Release|Any CPU.ActiveCfg = Release|Any CPU
		{C6FB1D32-30CF-43CF-9BD7-8B72366EEC76}.Release|Any CPU.Build.0 = Release|Any CPU
	EndGlobalSection
	GlobalSection(SolutionProperties) = preSolution
		HideSolutionNode = FALSE
	EndGlobalSection
	GlobalSection(NestedProjects) = preSolution
		{1E208F18-1B39-494A-9A71-FA0974722764} = {FA3E7195-0F41-4CD1-BF39-9A5A21F4A155}
		{DE089AD5-8385-439E-9D15-2EC4762336EA} = {FA3E7195-0F41-4CD1-BF39-9A5A21F4A155}
		{09A64D23-BCCD-481F-B53D-25A30469C14D} = {4EBD3981-43B0-49B0-B22A-232B83C375AE}
		{8E9D8A84-A02D-495A-8616-3529D74FBC55} = {A197C227-A78B-4920-9397-1D5AEF40865D}
		{C6FB1D32-30CF-43CF-9BD7-8B72366EEC76} = {A197C227-A78B-4920-9397-1D5AEF40865D}
	EndGlobalSection
EndGlobal
