
Microsoft Visual Studio Solution File, Format Version 12.00
# Visual Studio 2013
VisualStudioVersion = 12.0.31101.0
MinimumVisualStudioVersion = 10.0.40219.1
Project("{FAE04EC0-301F-11D3-BF4B-00C04F79EFBC}") = "Calculator.Core", "Calculator.Core\Calculator.Core.csproj", "{2C2C03F6-C425-499B-8813-673ECC5BDAC2}"
EndProject
Project("{FAE04EC0-301F-11D3-BF4B-00C04F79EFBC}") = "Calculator.Core.Tests", "Calculator.Core.Tests\Calculator.Core.Tests.csproj", "{95423421-570F-4E1F-89DC-F286B771C839}"
EndProject
Project("{FAE04EC0-301F-11D3-BF4B-00C04F79EFBC}") = "Calculator.ConsoleApp", "Calculator.ConsoleApp\Calculator.ConsoleApp.csproj", "{F82B8E52-46F1-43F5-9516-470D165118B2}"
EndProject
Project("{FAE04EC0-301F-11D3-BF4B-00C04F79EFBC}") = "Calculator.Core.DependencyInjection", "Calculator.Core.DependencyInjection\Calculator.Core.DependencyInjection.csproj", "{A446143B-51F5-4015-9D32-FAECB53DD3A2}"
EndProject
Project("{2150E333-8FDC-42A3-9474-1A3956D46DE8}") = "libs", "libs", "{9E0D863B-75C6-4647-B40C-64890BCBBDB5}"
EndProject
Project("{FAE04EC0-301F-11D3-BF4B-00C04F79EFBC}") = "Calculator.Collections", "libs\Calculator.Collections\Calculator.Collections.csproj", "{590C9796-49FE-42D7-90AB-57E6C93484A3}"
EndProject
Project("{FAE04EC0-301F-11D3-BF4B-00C04F79EFBC}") = "Console.Collections.Tests", "libs\Console.Collections.Tests\Console.Collections.Tests.csproj", "{B5392614-0FF3-4AFE-9FFA-2C4E94C5D319}"
EndProject
Project("{FAE04EC0-301F-11D3-BF4B-00C04F79EFBC}") = "Calculator.Extra", "Calculator.Extra\Calculator.Extra.csproj", "{D5901B98-2AFB-44E1-A164-5DA78AB7DB62}"
EndProject
Project("{FAE04EC0-301F-11D3-BF4B-00C04F79EFBC}") = "Calculator.Extra.Tests", "Calculator.Extra.Tests\Calculator.Extra.Tests.csproj", "{439563C5-2B32-4F4E-94B0-F1A8693EF239}"
EndProject
Global
	GlobalSection(SolutionConfigurationPlatforms) = preSolution
		Debug|Any CPU = Debug|Any CPU
		Release|Any CPU = Release|Any CPU
	EndGlobalSection
	GlobalSection(ProjectConfigurationPlatforms) = postSolution
		{2C2C03F6-C425-499B-8813-673ECC5BDAC2}.Debug|Any CPU.ActiveCfg = Debug|Any CPU
		{2C2C03F6-C425-499B-8813-673ECC5BDAC2}.Debug|Any CPU.Build.0 = Debug|Any CPU
		{2C2C03F6-C425-499B-8813-673ECC5BDAC2}.Release|Any CPU.ActiveCfg = Release|Any CPU
		{2C2C03F6-C425-499B-8813-673ECC5BDAC2}.Release|Any CPU.Build.0 = Release|Any CPU
		{95423421-570F-4E1F-89DC-F286B771C839}.Debug|Any CPU.ActiveCfg = Debug|Any CPU
		{95423421-570F-4E1F-89DC-F286B771C839}.Debug|Any CPU.Build.0 = Debug|Any CPU
		{95423421-570F-4E1F-89DC-F286B771C839}.Release|Any CPU.ActiveCfg = Release|Any CPU
		{95423421-570F-4E1F-89DC-F286B771C839}.Release|Any CPU.Build.0 = Release|Any CPU
		{F82B8E52-46F1-43F5-9516-470D165118B2}.Debug|Any CPU.ActiveCfg = Debug|Any CPU
		{F82B8E52-46F1-43F5-9516-470D165118B2}.Debug|Any CPU.Build.0 = Debug|Any CPU
		{F82B8E52-46F1-43F5-9516-470D165118B2}.Release|Any CPU.ActiveCfg = Release|Any CPU
		{F82B8E52-46F1-43F5-9516-470D165118B2}.Release|Any CPU.Build.0 = Release|Any CPU
		{A446143B-51F5-4015-9D32-FAECB53DD3A2}.Debug|Any CPU.ActiveCfg = Debug|Any CPU
		{A446143B-51F5-4015-9D32-FAECB53DD3A2}.Debug|Any CPU.Build.0 = Debug|Any CPU
		{A446143B-51F5-4015-9D32-FAECB53DD3A2}.Release|Any CPU.ActiveCfg = Release|Any CPU
		{A446143B-51F5-4015-9D32-FAECB53DD3A2}.Release|Any CPU.Build.0 = Release|Any CPU
		{590C9796-49FE-42D7-90AB-57E6C93484A3}.Debug|Any CPU.ActiveCfg = Debug|Any CPU
		{590C9796-49FE-42D7-90AB-57E6C93484A3}.Debug|Any CPU.Build.0 = Debug|Any CPU
		{590C9796-49FE-42D7-90AB-57E6C93484A3}.Release|Any CPU.ActiveCfg = Release|Any CPU
		{590C9796-49FE-42D7-90AB-57E6C93484A3}.Release|Any CPU.Build.0 = Release|Any CPU
		{B5392614-0FF3-4AFE-9FFA-2C4E94C5D319}.Debug|Any CPU.ActiveCfg = Debug|Any CPU
		{B5392614-0FF3-4AFE-9FFA-2C4E94C5D319}.Debug|Any CPU.Build.0 = Debug|Any CPU
		{B5392614-0FF3-4AFE-9FFA-2C4E94C5D319}.Release|Any CPU.ActiveCfg = Release|Any CPU
		{B5392614-0FF3-4AFE-9FFA-2C4E94C5D319}.Release|Any CPU.Build.0 = Release|Any CPU
		{D5901B98-2AFB-44E1-A164-5DA78AB7DB62}.Debug|Any CPU.ActiveCfg = Debug|Any CPU
		{D5901B98-2AFB-44E1-A164-5DA78AB7DB62}.Debug|Any CPU.Build.0 = Debug|Any CPU
		{D5901B98-2AFB-44E1-A164-5DA78AB7DB62}.Release|Any CPU.ActiveCfg = Release|Any CPU
		{D5901B98-2AFB-44E1-A164-5DA78AB7DB62}.Release|Any CPU.Build.0 = Release|Any CPU
		{439563C5-2B32-4F4E-94B0-F1A8693EF239}.Debug|Any CPU.ActiveCfg = Debug|Any CPU
		{439563C5-2B32-4F4E-94B0-F1A8693EF239}.Debug|Any CPU.Build.0 = Debug|Any CPU
		{439563C5-2B32-4F4E-94B0-F1A8693EF239}.Release|Any CPU.ActiveCfg = Release|Any CPU
		{439563C5-2B32-4F4E-94B0-F1A8693EF239}.Release|Any CPU.Build.0 = Release|Any CPU
	EndGlobalSection
	GlobalSection(SolutionProperties) = preSolution
		HideSolutionNode = FALSE
	EndGlobalSection
	GlobalSection(NestedProjects) = preSolution
		{590C9796-49FE-42D7-90AB-57E6C93484A3} = {9E0D863B-75C6-4647-B40C-64890BCBBDB5}
		{B5392614-0FF3-4AFE-9FFA-2C4E94C5D319} = {9E0D863B-75C6-4647-B40C-64890BCBBDB5}
	EndGlobalSection
EndGlobal
